{
  "name": "angular menu",
  "lockfileVersion": 3,
  "requires": true,
  "packages": {
    "": {
      "dependencies": {
        "n": "^9.2.3",
        "typescript": "^5.5.4"
      }
    },
    "node_modules/n": {
      "version": "9.2.3",
      "resolved": "https://registry.npmjs.org/n/-/n-9.2.3.tgz",
      "integrity": "sha512-iKU/fMITB+bJe0wQ6Q6THSWBpfF/f/g4elhr23Mp4TywSY0rJvaHVdkMhL9uWEdwdipAPidmTIqafI0BTJj/lQ==",
      "license": "MIT",
      "os": [
        "!win32"
      ],
      "bin": {
        "n": "bin/n"
      },
      "engines": {
        "node": "*"
      }
    },
    "node_modules/typescript": {
      "version": "5.5.4",
      "resolved": "https://registry.npmjs.org/typescript/-/typescript-5.5.4.tgz",
      "integrity": "sha512-Mtq29sKDAEYP7aljRgtPOpTvOfbwRWlS6dPRzwjdE+C0R4brX/GUyhHSecbHMFLNBLcJIPt9nl9yG5TZ1weH+Q==",
      "bin": {
        "tsc": "bin/tsc",
        "tsserver": "bin/tsserver"
      },
      "engines": {
        "node": ">=14.17"
      }
    }
  }
}
